{
  "version": 4,
  "terraform_version": "1.0.10",
  "serial": 4,
  "lineage": "c801fe96-94f9-80bf-15df-17413f257a1c",
  "outputs": {},
  "resources": [
    {
      "mode": "managed",
      "type": "github_branch_default",
      "name": "test_main",
      "provider": "provider[\"registry.terraform.io/integrations/github\"]",
      "instances": [
        {
          "schema_version": 0,
          "attributes": {
            "branch": "main",
            "id": "test1",
            "repository": "test1"
          },
          "sensitive_attributes": [],
          "private": "bnVsbA==",
          "dependencies": [
            "github_repository.test"
          ]
        }
      ]
    },
    {
      "mode": "managed",
      "type": "github_branch_protection",
      "name": "test",
      "provider": "provider[\"registry.terraform.io/integrations/github\"]",
      "instances": [
        {
          "index_key": "main",
          "schema_version": 1,
          "attributes": {
            "allows_deletions": false,
            "allows_force_pushes": false,
            "enforce_admins": true,
            "id": "BPR_kwDOGfZeo84BYtqs",
            "pattern": "main",
            "push_restrictions": null,
            "repository_id": "R_kgDOGfZeow",
            "require_signed_commits": true,
            "required_linear_history": false,
            "required_pull_request_reviews": [
              {
                "dismiss_stale_reviews": true,
                "dismissal_restrictions": null,
                "require_code_owner_reviews": false,
                "required_approving_review_count": 1,
                "restrict_dismissals": false
              }
            ],
            "required_status_checks": [
              {
                "contexts": [
                  "continuous-integration/jenkins/branch"
                ],
                "strict": true
              }
            ]
          },
          "sensitive_attributes": [],
          "private": "eyJzY2hlbWFfdmVyc2lvbiI6IjEifQ==",
          "dependencies": [
            "github_repository.test"
          ],
          "create_before_destroy": true
        }
      ]
    },
    {
      "mode": "managed",
      "type": "github_repository",
      "name": "test",
      "provider": "provider[\"registry.terraform.io/integrations/github\"]",
      "instances": [
        {
          "schema_version": 0,
          "attributes": {
            "allow_auto_merge": false,
            "allow_merge_commit": true,
            "allow_rebase_merge": true,
            "allow_squash_merge": true,
            "archive_on_destroy": null,
            "archived": false,
            "auto_init": true,
            "default_branch": "main",
            "delete_branch_on_merge": true,
            "description": "The second repository with terraform",
            "etag": "W/\"ad8e390ba53847f090ec8856121ab6ed95592b0d2b1ef107906194167a754fd3\"",
            "full_name": "samisgh/test1",
            "git_clone_url": "git://github.com/samisgh/test1.git",
            "gitignore_template": null,
            "has_downloads": false,
            "has_issues": false,
            "has_projects": false,
            "has_wiki": false,
            "homepage_url": "",
            "html_url": "https://github.com/samisgh/test1",
            "http_clone_url": "https://github.com/samisgh/test1.git",
            "id": "test1",
            "is_template": false,
            "license_template": null,
            "name": "test1",
            "node_id": "R_kgDOGfZeow",
            "pages": [],
            "private": false,
            "repo_id": 435576483,
            "ssh_clone_url": "git@github.com:samisgh/test1.git",
            "svn_url": "https://github.com/samisgh/test1",
            "template": [],
            "topics": null,
            "visibility": "public",
            "vulnerability_alerts": true
          },
          "sensitive_attributes": [],
          "private": "bnVsbA==",
          "create_before_destroy": true
        }
      ]
    }
  ]
}
